{
  "name": "webspider",
  "version": "1.0.0",
  "lockfileVersion": 3,
  "requires": true,
  "packages": {
    "": {
      "name": "webspider",
      "version": "1.0.0",
      "license": "ISC",
      "dependencies": {
        "mkdirp": "^3.0.1",
        "slug": "^11.0.1"
      }
    },
    "node_modules/mkdirp": {
      "version": "3.0.1",
      "resolved": "https://registry.npmjs.org/mkdirp/-/mkdirp-3.0.1.tgz",
      "integrity": "sha512-+NsyUUAZDmo6YVHzL/stxSu3t9YS1iljliy3BSDrXJ/dkn1KYdmtZODGGjLcc9XLgVVpH4KshHB8XmZgMhaBXg==",
      "license": "MIT",
      "bin": {
        "mkdirp": "dist/cjs/src/bin.js"
      },
      "engines": {
        "node": ">=10"
      },
      "funding": {
        "url": "https://github.com/sponsors/isaacs"
      }
    },
    "node_modules/slug": {
      "version": "11.0.1",
      "resolved": "https://registry.npmjs.org/slug/-/slug-11.0.1.tgz",
      "integrity": "sha512-VrM060OM/E7rdLQSnp6JHrzFfJFmqQBp0+TMhZStnEB8PfNliaZ9UWYjTHGHLUFVJorZ8TjVd/aKvIxHWU2O7g==",
      "license": "MIT",
      "bin": {
        "slug": "cli.js"
      }
    }
  }
}
